
Microsoft Visual Studio Solution File, Format Version 12.00
# Visual Studio Version 17
VisualStudioVersion = 17.9.34723.18
MinimumVisualStudioVersion = 10.0.40219.1
Project("{9A19103F-16F7-4668-BE54-9A1E7A4F7556}") = "RapidEMT", "RapidEMT\RapidEMT.csproj", "{EAD83C65-2C2C-4D46-BDB2-4FC66E39DF99}"
EndProject
Global
	GlobalSection(SolutionConfigurationPlatforms) = preSolution
		Debug|Any CPU = Debug|Any CPU
		Release|Any CPU = Release|Any CPU
	EndGlobalSection
	GlobalSection(ProjectConfigurationPlatforms) = postSolution
		{EAD83C65-2C2C-4D46-BDB2-4FC66E39DF99}.Debug|Any CPU.ActiveCfg = Debug|Any CPU
		{EAD83C65-2C2C-4D46-BDB2-4FC66E39DF99}.Debug|Any CPU.Build.0 = Debug|Any CPU
		{EAD83C65-2C2C-4D46-BDB2-4FC66E39DF99}.Release|Any CPU.ActiveCfg = Release|Any CPU
		{EAD83C65-2C2C-4D46-BDB2-4FC66E39DF99}.Release|Any CPU.Build.0 = Release|Any CPU
	EndGlobalSection
	GlobalSection(SolutionProperties) = preSolution
		HideSolutionNode = FALSE
	EndGlobalSection
	GlobalSection(ExtensibilityGlobals) = postSolution
		SolutionGuid = {8A290C47-1E64-411F-906A-3F2855C4B7CD}
	EndGlobalSection
EndGlobal
